// !$*UTF8*$!
{
	archiveVersion = 1;
	classes = {
	};
	objectVersion = 46;
	objects = {

/* Begin PBXBuildFile section */
		424B7E951EB100B100E67BBB /* AppDelegate.swift in Sources */ = {isa = PBXBuildFile; fileRef = 424B7E941EB100B100E67BBB /* AppDelegate.swift */; };
		424B7E971EB100B100E67BBB /* CitiesController.swift in Sources */ = {isa = PBXBuildFile; fileRef = 424B7E961EB100B100E67BBB /* CitiesController.swift */; };
		424B7E9A1EB100B100E67BBB /* Main.storyboard in Resources */ = {isa = PBXBuildFile; fileRef = 424B7E981EB100B100E67BBB /* Main.storyboard */; };
		424B7E9C1EB100B100E67BBB /* Assets.xcassets in Resources */ = {isa = PBXBuildFile; fileRef = 424B7E9B1EB100B100E67BBB /* Assets.xcassets */; };
		424B7E9F1EB100B100E67BBB /* LaunchScreen.storyboard in Resources */ = {isa = PBXBuildFile; fileRef = 424B7E9D1EB100B100E67BBB /* LaunchScreen.storyboard */; };
		424B7EA71EB100FF00E67BBB /* SwiftyJSON.swift in Sources */ = {isa = PBXBuildFile; fileRef = 424B7EA61EB100FF00E67BBB /* SwiftyJSON.swift */; };
		424B7EAA1EB1084200E67BBB /* CoutriesAndCities.xcdatamodeld in Sources */ = {isa = PBXBuildFile; fileRef = 424B7EA81EB1084200E67BBB /* CoutriesAndCities.xcdatamodeld */; };
		424B7EAD1EB113D500E67BBB /* Country+CoreDataClass.swift in Sources */ = {isa = PBXBuildFile; fileRef = 424B7EAB1EB113D500E67BBB /* Country+CoreDataClass.swift */; };
		424B7EAE1EB113D500E67BBB /* Country+CoreDataProperties.swift in Sources */ = {isa = PBXBuildFile; fileRef = 424B7EAC1EB113D500E67BBB /* Country+CoreDataProperties.swift */; };
/* End PBXBuildFile section */

/* Begin PBXFileReference section */
		424B7E911EB100B100E67BBB /* Coutries and Cities.app */ = {isa = PBXFileReference; explicitFileType = wrapper.application; includeInIndex = 0; path = "Coutries and Cities.app"; sourceTree = BUILT_PRODUCTS_DIR; };
		424B7E941EB100B100E67BBB /* AppDelegate.swift */ = {isa = PBXFileReference; lastKnownFileType = sourcecode.swift; path = AppDelegate.swift; sourceTree = "<group>"; };
		424B7E961EB100B100E67BBB /* CitiesController.swift */ = {isa = PBXFileReference; lastKnownFileType = sourcecode.swift; path = CitiesController.swift; sourceTree = "<group>"; };
		424B7E991EB100B100E67BBB /* Base */ = {isa = PBXFileReference; lastKnownFileType = file.storyboard; name = Base; path = Base.lproj/Main.storyboard; sourceTree = "<group>"; };
		424B7E9B1EB100B100E67BBB /* Assets.xcassets */ = {isa = PBXFileReference; lastKnownFileType = folder.assetcatalog; path = Assets.xcassets; sourceTree = "<group>"; };
		424B7E9E1EB100B100E67BBB /* Base */ = {isa = PBXFileReference; lastKnownFileType = file.storyboard; name = Base; path = Base.lproj/LaunchScreen.storyboard; sourceTree = "<group>"; };
		424B7EA01EB100B100E67BBB /* Info.plist */ = {isa = PBXFileReference; lastKnownFileType = text.plist.xml; path = Info.plist; sourceTree = "<group>"; };
		424B7EA61EB100FF00E67BBB /* SwiftyJSON.swift */ = {isa = PBXFileReference; fileEncoding = 4; lastKnownFileType = sourcecode.swift; path = SwiftyJSON.swift; sourceTree = "<group>"; };
		424B7EA91EB1084200E67BBB /* CoutriesAndCities.xcdatamodel */ = {isa = PBXFileReference; lastKnownFileType = wrapper.xcdatamodel; path = CoutriesAndCities.xcdatamodel; sourceTree = "<group>"; };
		424B7EAB1EB113D500E67BBB /* Country+CoreDataClass.swift */ = {isa = PBXFileReference; fileEncoding = 4; lastKnownFileType = sourcecode.swift; path = "Country+CoreDataClass.swift"; sourceTree = "<group>"; };
		424B7EAC1EB113D500E67BBB /* Country+CoreDataProperties.swift */ = {isa = PBXFileReference; fileEncoding = 4; lastKnownFileType = sourcecode.swift; path = "Country+CoreDataProperties.swift"; sourceTree = "<group>"; };
/* End PBXFileReference section */

/* Begin PBXFrameworksBuildPhase section */
		424B7E8E1EB100B100E67BBB /* Frameworks */ = {
			isa = PBXFrameworksBuildPhase;
			buildActionMask = 2147483647;
			files = (
			);
			runOnlyForDeploymentPostprocessing = 0;
		};
/* End PBXFrameworksBuildPhase section */

/* Begin PBXGroup section */
		424B7E881EB100B100E67BBB = {
			isa = PBXGroup;
			children = (
				424B7E931EB100B100E67BBB /* Coutries and Cities */,
				424B7E921EB100B100E67BBB /* Products */,
			);
			sourceTree = "<group>";
		};
		424B7E921EB100B100E67BBB /* Products */ = {
			isa = PBXGroup;
			children = (
				424B7E911EB100B100E67BBB /* Coutries and Cities.app */,
			);
			name = Products;
			sourceTree = "<group>";
		};
		424B7E931EB100B100E67BBB /* Coutries and Cities */ = {
			isa = PBXGroup;
			children = (
				424B7EAB1EB113D500E67BBB /* Country+CoreDataClass.swift */,
				424B7EAC1EB113D500E67BBB /* Country+CoreDataProperties.swift */,
				424B7E941EB100B100E67BBB /* AppDelegate.swift */,
				424B7E961EB100B100E67BBB /* CitiesController.swift */,
				424B7E981EB100B100E67BBB /* Main.storyboard */,
				424B7EA81EB1084200E67BBB /* CoutriesAndCities.xcdatamodeld */,
				424B7E9B1EB100B100E67BBB /* Assets.xcassets */,
				424B7E9D1EB100B100E67BBB /* LaunchScreen.storyboard */,
				424B7EA01EB100B100E67BBB /* Info.plist */,
				424B7EA61EB100FF00E67BBB /* SwiftyJSON.swift */,
			);
			path = "Coutries and Cities";
			sourceTree = "<group>";
		};
/* End PBXGroup section */

/* Begin PBXNativeTarget section */
		424B7E901EB100B100E67BBB /* Coutries and Cities */ = {
			isa = PBXNativeTarget;
			buildConfigurationList = 424B7EA31EB100B100E67BBB /* Build configuration list for PBXNativeTarget "Coutries and Cities" */;
			buildPhases = (
				424B7E8D1EB100B100E67BBB /* Sources */,
				424B7E8E1EB100B100E67BBB /* Frameworks */,
				424B7E8F1EB100B100E67BBB /* Resources */,
			);
			buildRules = (
			);
			dependencies = (
			);
			name = "Coutries and Cities";
			productName = "Coutries and Cities";
			productReference = 424B7E911EB100B100E67BBB /* Coutries and Cities.app */;
			productType = "com.apple.product-type.application";
		};
/* End PBXNativeTarget section */

/* Begin PBXProject section */
		424B7E891EB100B100E67BBB /* Project object */ = {
			isa = PBXProject;
			attributes = {
				LastSwiftUpdateCheck = 0830;
				LastUpgradeCheck = 0830;
				ORGANIZATIONNAME = "Igor Zhukov";
				TargetAttributes = {
					424B7E901EB100B100E67BBB = {
						CreatedOnToolsVersion = 8.3.2;
						ProvisioningStyle = Automatic;
					};
				};
			};
			buildConfigurationList = 424B7E8C1EB100B100E67BBB /* Build configuration list for PBXProject "Coutries and Cities" */;
			compatibilityVersion = "Xcode 3.2";
			developmentRegion = English;
			hasScannedForEncodings = 0;
			knownRegions = (
				en,
				Base,
			);
			mainGroup = 424B7E881EB100B100E67BBB;
			productRefGroup = 424B7E921EB100B100E67BBB /* Products */;
			projectDirPath = "";
			projectRoot = "";
			targets = (
				424B7E901EB100B100E67BBB /* Coutries and Cities */,
			);
		};
/* End PBXProject section */

/* Begin PBXResourcesBuildPhase section */
		424B7E8F1EB100B100E67BBB /* Resources */ = {
			isa = PBXResourcesBuildPhase;
			buildActionMask = 2147483647;
			files = (
				424B7E9F1EB100B100E67BBB /* LaunchScreen.storyboard in Resources */,
				424B7E9C1EB100B100E67BBB /* Assets.xcassets in Resources */,
				424B7E9A1EB100B100E67BBB /* Main.storyboard in Resources */,
			);
			runOnlyForDeploymentPostprocessing = 0;
		};
/* End PBXResourcesBuildPhase section */

/* Begin PBXSourcesBuildPhase section */
		424B7E8D1EB100B100E67BBB /* Sources */ = {
			isa = PBXSourcesBuildPhase;
			buildActionMask = 2147483647;
			files = (
				424B7EA71EB100FF00E67BBB /* SwiftyJSON.swift in Sources */,
				424B7E971EB100B100E67BBB /* CitiesController.swift in Sources */,
				424B7EAE1EB113D500E67BBB /* Country+CoreDataProperties.swift in Sources */,
				424B7E951EB100B100E67BBB /* AppDelegate.swift in Sources */,
				424B7EAD1EB113D500E67BBB /* Country+CoreDataClass.swift in Sources */,
				424B7EAA1EB1084200E67BBB /* CoutriesAndCities.xcdatamodeld in Sources */,
			);
			runOnlyForDeploymentPostprocessing = 0;
		};
/* End PBXSourcesBuildPhase section */

/* Begin PBXVariantGroup section */
		424B7E981EB100B100E67BBB /* Main.storyboard */ = {
			isa = PBXVariantGroup;
			children = (
				424B7E991EB100B100E67BBB /* Base */,
			);
			name = Main.storyboard;
			sourceTree = "<group>";
		};
		424B7E9D1EB100B100E67BBB /* LaunchScreen.storyboard */ = {
			isa = PBXVariantGroup;
			children = (
				424B7E9E1EB100B100E67BBB /* Base */,
			);
			name = LaunchScreen.storyboard;
			sourceTree = "<group>";
		};
/* End PBXVariantGroup section */

/* Begin XCBuildConfiguration section */
		424B7EA11EB100B100E67BBB /* Debug */ = {
			isa = XCBuildConfiguration;
			buildSettings = {
				ALWAYS_SEARCH_USER_PATHS = NO;
				CLANG_ANALYZER_NONNULL = YES;
				CLANG_ANALYZER_NUMBER_OBJECT_CONVERSION = YES_AGGRESSIVE;
				CLANG_CXX_LANGUAGE_STANDARD = "gnu++0x";
				CLANG_CXX_LIBRARY = "libc++";
				CLANG_ENABLE_MODULES = YES;
				CLANG_ENABLE_OBJC_ARC = YES;
				CLANG_WARN_BOOL_CONVERSION = YES;
				CLANG_WARN_CONSTANT_CONVERSION = YES;
				CLANG_WARN_DIRECT_OBJC_ISA_USAGE = YES_ERROR;
				CLANG_WARN_DOCUMENTATION_COMMENTS = YES;
				CLANG_WARN_EMPTY_BODY = YES;
				CLANG_WARN_ENUM_CONVERSION = YES;
				CLANG_WARN_INFINITE_RECURSION = YES;
				CLANG_WARN_INT_CONVERSION = YES;
				CLANG_WARN_OBJC_ROOT_CLASS = YES_ERROR;
				CLANG_WARN_SUSPICIOUS_MOVE = YES;
				CLANG_WARN_UNREACHABLE_CODE = YES;
				CLANG_WARN__DUPLICATE_METHOD_MATCH = YES;
				"CODE_SIGN_IDENTITY[sdk=iphoneos*]" = "iPhone Developer";
				COPY_PHASE_STRIP = NO;
				DEBUG_INFORMATION_FORMAT = dwarf;
				ENABLE_STRICT_OBJC_MSGSEND = YES;
				ENABLE_TESTABILITY = YES;
				GCC_C_LANGUAGE_STANDARD = gnu99;
				GCC_DYNAMIC_NO_PIC = NO;
				GCC_NO_COMMON_BLOCKS = YES;
				GCC_OPTIMIZATION_LEVEL = 0;
				GCC_PREPROCESSOR_DEFINITIONS = (
					"DEBUG=1",
					"$(inherited)",
				);
				GCC_WARN_64_TO_32_BIT_CONVERSION = YES;
				GCC_WARN_ABOUT_RETURN_TYPE = YES_ERROR;
				GCC_WARN_UNDECLARED_SELECTOR = YES;
				GCC_WARN_UNINITIALIZED_AUTOS = YES_AGGRESSIVE;
				GCC_WARN_UNUSED_FUNCTION = YES;
				GCC_WARN_UNUSED_VARIABLE = YES;
				IPHONEOS_DEPLOYMENT_TARGET = 10.3;
				MTL_ENABLE_DEBUG_INFO = YES;
				ONLY_ACTIVE_ARCH = YES;
				SDKROOT = iphoneos;
				SWIFT_ACTIVE_COMPILATION_CONDITIONS = DEBUG;
				SWIFT_OPTIMIZATION_LEVEL = "-Onone";
				TARGETED_DEVICE_FAMILY = "1,2";
			};
			name = Debug;
		};
		424B7EA21EB100B100E67BBB /* Release */ = {
			isa = XCBuildConfiguration;
			buildSettings = {
				ALWAYS_SEARCH_USER_PATHS = NO;
				CLANG_ANALYZER_NONNULL = YES;
				CLANG_ANALYZER_NUMBER_OBJECT_CONVERSION = YES_AGGRESSIVE;
				CLANG_CXX_LANGUAGE_STANDARD = "gnu++0x";
				CLANG_CXX_LIBRARY = "libc++";
				CLANG_ENABLE_MODULES = YES;
				CLANG_ENABLE_OBJC_ARC = YES;
				CLANG_WARN_BOOL_CONVERSION = YES;
				CLANG_WARN_CONSTANT_CONVERSION = YES;
				CLANG_WARN_DIRECT_OBJC_ISA_USAGE = YES_ERROR;
				CLANG_WARN_DOCUMENTATION_COMMENTS = YES;
				CLANG_WARN_EMPTY_BODY = YES;
				CLANG_WARN_ENUM_CONVERSION = YES;
				CLANG_WARN_INFINITE_RECURSION = YES;
				CLANG_WARN_INT_CONVERSION = YES;
				CLANG_WARN_OBJC_ROOT_CLASS = YES_ERROR;
				CLANG_WARN_SUSPICIOUS_MOVE = YES;
				CLANG_WARN_UNREACHABLE_CODE = YES;
				CLANG_WARN__DUPLICATE_METHOD_MATCH = YES;
				"CODE_SIGN_IDENTITY[sdk=iphoneos*]" = "iPhone Developer";
				COPY_PHASE_STRIP = NO;
				DEBUG_INFORMATION_FORMAT = "dwarf-with-dsym";
				ENABLE_NS_ASSERTIONS = NO;
				ENABLE_STRICT_OBJC_MSGSEND = YES;
				GCC_C_LANGUAGE_STANDARD = gnu99;
				GCC_NO_COMMON_BLOCKS = YES;
				GCC_WARN_64_TO_32_BIT_CONVERSION = YES;
				GCC_WARN_ABOUT_RETURN_TYPE = YES_ERROR;
				GCC_WARN_UNDECLARED_SELECTOR = YES;
				GCC_WARN_UNINITIALIZED_AUTOS = YES_AGGRESSIVE;
				GCC_WARN_UNUSED_FUNCTION = YES;
				GCC_WARN_UNUSED_VARIABLE = YES;
				IPHONEOS_DEPLOYMENT_TARGET = 10.3;
				MTL_ENABLE_DEBUG_INFO = NO;
				SDKROOT = iphoneos;
				SWIFT_OPTIMIZATION_LEVEL = "-Owholemodule";
				TARGETED_DEVICE_FAMILY = "1,2";
				VALIDATE_PRODUCT = YES;
			};
			name = Release;
		};
		424B7EA41EB100B100E67BBB /* Debug */ = {
			isa = XCBuildConfiguration;
			buildSettings = {
				ASSETCATALOG_COMPILER_APPICON_NAME = AppIcon;
				INFOPLIST_FILE = "Coutries and Cities/Info.plist";
				LD_RUNPATH_SEARCH_PATHS = "$(inherited) @executable_path/Frameworks";
				PRODUCT_BUNDLE_IDENTIFIER = "com.zhukov.Coutries-and-Cities";
				PRODUCT_NAME = "$(TARGET_NAME)";
				SWIFT_VERSION = 3.0;
			};
			name = Debug;
		};
		424B7EA51EB100B100E67BBB /* Release */ = {
			isa = XCBuildConfiguration;
			buildSettings = {
				ASSETCATALOG_COMPILER_APPICON_NAME = AppIcon;
				INFOPLIST_FILE = "Coutries and Cities/Info.plist";
				LD_RUNPATH_SEARCH_PATHS = "$(inherited) @executable_path/Frameworks";
				PRODUCT_BUNDLE_IDENTIFIER = "com.zhukov.Coutries-and-Cities";
				PRODUCT_NAME = "$(TARGET_NAME)";
				SWIFT_VERSION = 3.0;
			};
			name = Release;
		};
/* End XCBuildConfiguration section */

/* Begin XCConfigurationList section */
		424B7E8C1EB100B100E67BBB /* Build configuration list for PBXProject "Coutries and Cities" */ = {
			isa = XCConfigurationList;
			buildConfigurations = (
				424B7EA11EB100B100E67BBB /* Debug */,
				424B7EA21EB100B100E67BBB /* Release */,
			);
			defaultConfigurationIsVisible = 0;
			defaultConfigurationName = Release;
		};
		424B7EA31EB100B100E67BBB /* Build configuration list for PBXNativeTarget "Coutries and Cities" */ = {
			isa = XCConfigurationList;
			buildConfigurations = (
				424B7EA41EB100B100E67BBB /* Debug */,
				424B7EA51EB100B100E67BBB /* Release */,
			);
			defaultConfigurationIsVisible = 0;
			defaultConfigurationName = Release;
		};
/* End XCConfigurationList section */

/* Begin XCVersionGroup section */
		424B7EA81EB1084200E67BBB /* CoutriesAndCities.xcdatamodeld */ = {
			isa = XCVersionGroup;
			children = (
				424B7EA91EB1084200E67BBB /* CoutriesAndCities.xcdatamodel */,
			);
			currentVersion = 424B7EA91EB1084200E67BBB /* CoutriesAndCities.xcdatamodel */;
			path = CoutriesAndCities.xcdatamodeld;
			sourceTree = "<group>";
			versionGroupType = wrapper.xcdatamodel;
		};
/* End XCVersionGroup section */
	};
	rootObject = 424B7E891EB100B100E67BBB /* Project object */;
}
